
Microsoft Visual Studio Solution File, Format Version 12.00
# Visual Studio Version 17
VisualStudioVersion = 17.7.34024.191
MinimumVisualStudioVersion = 10.0.40219.1
Project("{FAE04EC0-301F-11D3-BF4B-00C04F79EFBC}") = "EntradaDeDados", "EntradaDeDados\EntradaDeDados.csproj", "{22346AE0-AE07-467F-A8BF-C05A8B2665CD}"
EndProject
Global
	GlobalSection(SolutionConfigurationPlatforms) = preSolution
		Debug|Any CPU = Debug|Any CPU
		Release|Any CPU = Release|Any CPU
	EndGlobalSection
	GlobalSection(ProjectConfigurationPlatforms) = postSolution
		{22346AE0-AE07-467F-A8BF-C05A8B2665CD}.Debug|Any CPU.ActiveCfg = Debug|Any CPU
		{22346AE0-AE07-467F-A8BF-C05A8B2665CD}.Debug|Any CPU.Build.0 = Debug|Any CPU
		{22346AE0-AE07-467F-A8BF-C05A8B2665CD}.Release|Any CPU.ActiveCfg = Release|Any CPU
		{22346AE0-AE07-467F-A8BF-C05A8B2665CD}.Release|Any CPU.Build.0 = Release|Any CPU
	EndGlobalSection
	GlobalSection(SolutionProperties) = preSolution
		HideSolutionNode = FALSE
	EndGlobalSection
	GlobalSection(ExtensibilityGlobals) = postSolution
		SolutionGuid = {F64751F8-D1EE-427E-9D03-6DA6E6708B3C}
	EndGlobalSection
EndGlobal
